// !$*UTF8*$!
{
	archiveVersion = 1;
	classes = {
	};
	objectVersion = 55;
	objects = {

/* Begin PBXBuildFile section */
		A81D2A06281853260007760C /* ColorData.swift in Sources */ = {isa = PBXBuildFile; fileRef = A81D2A05281853260007760C /* ColorData.swift */; };
		A8CB8E4F28166C330093F5FB /* AppDelegate.swift in Sources */ = {isa = PBXBuildFile; fileRef = A8CB8E4E28166C330093F5FB /* AppDelegate.swift */; };
		A8CB8E5128166C330093F5FB /* SceneDelegate.swift in Sources */ = {isa = PBXBuildFile; fileRef = A8CB8E5028166C330093F5FB /* SceneDelegate.swift */; };
		A8CB8E5328166C330093F5FB /* MainViewController.swift in Sources */ = {isa = PBXBuildFile; fileRef = A8CB8E5228166C330093F5FB /* MainViewController.swift */; };
		A8CB8E5628166C330093F5FB /* Main.storyboard in Resources */ = {isa = PBXBuildFile; fileRef = A8CB8E5428166C330093F5FB /* Main.storyboard */; };
		A8CB8E5928166C330093F5FB /* finenance.xcdatamodeld in Sources */ = {isa = PBXBuildFile; fileRef = A8CB8E5728166C330093F5FB /* finenance.xcdatamodeld */; };
		A8CB8E5B28166C350093F5FB /* Assets.xcassets in Resources */ = {isa = PBXBuildFile; fileRef = A8CB8E5A28166C350093F5FB /* Assets.xcassets */; };
		A8CB8E5E28166C350093F5FB /* LaunchScreen.storyboard in Resources */ = {isa = PBXBuildFile; fileRef = A8CB8E5C28166C350093F5FB /* LaunchScreen.storyboard */; };
		A8CB8E6D28178EC10093F5FB /* Onboarding.storyboard in Resources */ = {isa = PBXBuildFile; fileRef = A8CB8E6C28178EC10093F5FB /* Onboarding.storyboard */; };
		A8CB8E6F28178ECA0093F5FB /* MainMenu.storyboard in Resources */ = {isa = PBXBuildFile; fileRef = A8CB8E6E28178ECA0093F5FB /* MainMenu.storyboard */; };
		A8CB8E71281790830093F5FB /* OnboardingViewController.swift in Sources */ = {isa = PBXBuildFile; fileRef = A8CB8E70281790830093F5FB /* OnboardingViewController.swift */; };
		A8CB8E73281790F90093F5FB /* HomeViewController.swift in Sources */ = {isa = PBXBuildFile; fileRef = A8CB8E72281790F90093F5FB /* HomeViewController.swift */; };
		A8CB8E7A28179C2A0093F5FB /* ExpenseViewController.swift in Sources */ = {isa = PBXBuildFile; fileRef = A8CB8E7928179C2A0093F5FB /* ExpenseViewController.swift */; };
		A8CB8E7C28179C4D0093F5FB /* BudgetViewController.swift in Sources */ = {isa = PBXBuildFile; fileRef = A8CB8E7B28179C4D0093F5FB /* BudgetViewController.swift */; };
		A8CB8E7E28179C860093F5FB /* ProfileViewController.swift in Sources */ = {isa = PBXBuildFile; fileRef = A8CB8E7D28179C860093F5FB /* ProfileViewController.swift */; };
		A8CB8E802817A2C10093F5FB /* Extensions.swift in Sources */ = {isa = PBXBuildFile; fileRef = A8CB8E7F2817A2C10093F5FB /* Extensions.swift */; };
		A8CB8E832817A8F70093F5FB /* CardView.swift in Sources */ = {isa = PBXBuildFile; fileRef = A8CB8E822817A8F70093F5FB /* CardView.swift */; };
		A8CB8E85281830CE0093F5FB /* HomeViewModel.swift in Sources */ = {isa = PBXBuildFile; fileRef = A8CB8E84281830CE0093F5FB /* HomeViewModel.swift */; };
		A8CB8E88281831160093F5FB /* ExpenseTableViewCell.swift in Sources */ = {isa = PBXBuildFile; fileRef = A8CB8E87281831160093F5FB /* ExpenseTableViewCell.swift */; };
		A8CB8E8A281834570093F5FB /* CategoryLabel.swift in Sources */ = {isa = PBXBuildFile; fileRef = A8CB8E89281834570093F5FB /* CategoryLabel.swift */; };
		A8CB8E8C28183A8B0093F5FB /* Transaction.swift in Sources */ = {isa = PBXBuildFile; fileRef = A8CB8E8B28183A8B0093F5FB /* Transaction.swift */; };
		A8CB8E8F28183C020093F5FB /* DummyDataGenerator.swift in Sources */ = {isa = PBXBuildFile; fileRef = A8CB8E8E28183C020093F5FB /* DummyDataGenerator.swift */; };
/* End PBXBuildFile section */

/* Begin PBXFileReference section */
		A81D2A05281853260007760C /* ColorData.swift */ = {isa = PBXFileReference; lastKnownFileType = sourcecode.swift; path = ColorData.swift; sourceTree = "<group>"; };
		A8CB8E4B28166C330093F5FB /* finenance.app */ = {isa = PBXFileReference; explicitFileType = wrapper.application; includeInIndex = 0; path = finenance.app; sourceTree = BUILT_PRODUCTS_DIR; };
		A8CB8E4E28166C330093F5FB /* AppDelegate.swift */ = {isa = PBXFileReference; lastKnownFileType = sourcecode.swift; path = AppDelegate.swift; sourceTree = "<group>"; };
		A8CB8E5028166C330093F5FB /* SceneDelegate.swift */ = {isa = PBXFileReference; lastKnownFileType = sourcecode.swift; path = SceneDelegate.swift; sourceTree = "<group>"; };
		A8CB8E5228166C330093F5FB /* MainViewController.swift */ = {isa = PBXFileReference; lastKnownFileType = sourcecode.swift; path = MainViewController.swift; sourceTree = "<group>"; };
		A8CB8E5528166C330093F5FB /* Base */ = {isa = PBXFileReference; lastKnownFileType = file.storyboard; name = Base; path = Base.lproj/Main.storyboard; sourceTree = "<group>"; };
		A8CB8E5828166C330093F5FB /* finenance.xcdatamodel */ = {isa = PBXFileReference; lastKnownFileType = wrapper.xcdatamodel; path = finenance.xcdatamodel; sourceTree = "<group>"; };
		A8CB8E5A28166C350093F5FB /* Assets.xcassets */ = {isa = PBXFileReference; lastKnownFileType = folder.assetcatalog; path = Assets.xcassets; sourceTree = "<group>"; };
		A8CB8E5D28166C350093F5FB /* Base */ = {isa = PBXFileReference; lastKnownFileType = file.storyboard; name = Base; path = Base.lproj/LaunchScreen.storyboard; sourceTree = "<group>"; };
		A8CB8E5F28166C350093F5FB /* Info.plist */ = {isa = PBXFileReference; lastKnownFileType = text.plist.xml; path = Info.plist; sourceTree = "<group>"; };
		A8CB8E6C28178EC10093F5FB /* Onboarding.storyboard */ = {isa = PBXFileReference; lastKnownFileType = file.storyboard; path = Onboarding.storyboard; sourceTree = "<group>"; };
		A8CB8E6E28178ECA0093F5FB /* MainMenu.storyboard */ = {isa = PBXFileReference; lastKnownFileType = file.storyboard; path = MainMenu.storyboard; sourceTree = "<group>"; };
		A8CB8E70281790830093F5FB /* OnboardingViewController.swift */ = {isa = PBXFileReference; lastKnownFileType = sourcecode.swift; path = OnboardingViewController.swift; sourceTree = "<group>"; };
		A8CB8E72281790F90093F5FB /* HomeViewController.swift */ = {isa = PBXFileReference; lastKnownFileType = sourcecode.swift; path = HomeViewController.swift; sourceTree = "<group>"; };
		A8CB8E7928179C2A0093F5FB /* ExpenseViewController.swift */ = {isa = PBXFileReference; lastKnownFileType = sourcecode.swift; path = ExpenseViewController.swift; sourceTree = "<group>"; };
		A8CB8E7B28179C4D0093F5FB /* BudgetViewController.swift */ = {isa = PBXFileReference; lastKnownFileType = sourcecode.swift; path = BudgetViewController.swift; sourceTree = "<group>"; };
		A8CB8E7D28179C860093F5FB /* ProfileViewController.swift */ = {isa = PBXFileReference; lastKnownFileType = sourcecode.swift; path = ProfileViewController.swift; sourceTree = "<group>"; };
		A8CB8E7F2817A2C10093F5FB /* Extensions.swift */ = {isa = PBXFileReference; lastKnownFileType = sourcecode.swift; path = Extensions.swift; sourceTree = "<group>"; };
		A8CB8E822817A8F70093F5FB /* CardView.swift */ = {isa = PBXFileReference; lastKnownFileType = sourcecode.swift; path = CardView.swift; sourceTree = "<group>"; };
		A8CB8E84281830CE0093F5FB /* HomeViewModel.swift */ = {isa = PBXFileReference; lastKnownFileType = sourcecode.swift; path = HomeViewModel.swift; sourceTree = "<group>"; };
		A8CB8E87281831160093F5FB /* ExpenseTableViewCell.swift */ = {isa = PBXFileReference; lastKnownFileType = sourcecode.swift; path = ExpenseTableViewCell.swift; sourceTree = "<group>"; };
		A8CB8E89281834570093F5FB /* CategoryLabel.swift */ = {isa = PBXFileReference; lastKnownFileType = sourcecode.swift; path = CategoryLabel.swift; sourceTree = "<group>"; };
		A8CB8E8B28183A8B0093F5FB /* Transaction.swift */ = {isa = PBXFileReference; lastKnownFileType = sourcecode.swift; path = Transaction.swift; sourceTree = "<group>"; };
		A8CB8E8E28183C020093F5FB /* DummyDataGenerator.swift */ = {isa = PBXFileReference; lastKnownFileType = sourcecode.swift; path = DummyDataGenerator.swift; sourceTree = "<group>"; };
/* End PBXFileReference section */

/* Begin PBXFrameworksBuildPhase section */
		A8CB8E4828166C330093F5FB /* Frameworks */ = {
			isa = PBXFrameworksBuildPhase;
			buildActionMask = 2147483647;
			files = (
			);
			runOnlyForDeploymentPostprocessing = 0;
		};
/* End PBXFrameworksBuildPhase section */

/* Begin PBXGroup section */
		A8CB8E4228166C330093F5FB = {
			isa = PBXGroup;
			children = (
				A8CB8E4D28166C330093F5FB /* finenance */,
				A8CB8E4C28166C330093F5FB /* Products */,
			);
			sourceTree = "<group>";
		};
		A8CB8E4C28166C330093F5FB /* Products */ = {
			isa = PBXGroup;
			children = (
				A8CB8E4B28166C330093F5FB /* finenance.app */,
			);
			name = Products;
			sourceTree = "<group>";
		};
		A8CB8E4D28166C330093F5FB /* finenance */ = {
			isa = PBXGroup;
			children = (
				A8CB8E6A28178E290093F5FB /* Model */,
				A8CB8E6B28178E5F0093F5FB /* Utils */,
				A8CB8E6828178E120093F5FB /* ViewModel */,
				A8CB8E6528178DF20093F5FB /* UI */,
				A8CB8E5A28166C350093F5FB /* Assets.xcassets */,
				A8CB8E5F28166C350093F5FB /* Info.plist */,
				A8CB8E5728166C330093F5FB /* finenance.xcdatamodeld */,
			);
			path = finenance;
			sourceTree = "<group>";
		};
		A8CB8E6528178DF20093F5FB /* UI */ = {
			isa = PBXGroup;
			children = (
				A8CB8E7828179BE50093F5FB /* LaunchScreen */,
				A8CB8E7728179B9B0093F5FB /* Onboarding */,
				A8CB8E7628179B920093F5FB /* MainMenu */,
			);
			path = UI;
			sourceTree = "<group>";
		};
		A8CB8E6828178E120093F5FB /* ViewModel */ = {
			isa = PBXGroup;
			children = (
				A8CB8E84281830CE0093F5FB /* HomeViewModel.swift */,
			);
			path = ViewModel;
			sourceTree = "<group>";
		};
		A8CB8E6A28178E290093F5FB /* Model */ = {
			isa = PBXGroup;
			children = (
				A8CB8E8B28183A8B0093F5FB /* Transaction.swift */,
				A81D2A05281853260007760C /* ColorData.swift */,
			);
			path = Model;
			sourceTree = "<group>";
		};
		A8CB8E6B28178E5F0093F5FB /* Utils */ = {
			isa = PBXGroup;
			children = (
				A8CB8E8D28183BEF0093F5FB /* Dummy */,
				A8CB8E812817A8CB0093F5FB /* CustomClass */,
				A8CB8E4E28166C330093F5FB /* AppDelegate.swift */,
				A8CB8E5028166C330093F5FB /* SceneDelegate.swift */,
				A8CB8E7F2817A2C10093F5FB /* Extensions.swift */,
			);
			path = Utils;
			sourceTree = "<group>";
		};
		A8CB8E7628179B920093F5FB /* MainMenu */ = {
			isa = PBXGroup;
			children = (
				A8CB8E86281830FB0093F5FB /* TableViewCell */,
				A8CB8E6E28178ECA0093F5FB /* MainMenu.storyboard */,
				A8CB8E72281790F90093F5FB /* HomeViewController.swift */,
				A8CB8E7928179C2A0093F5FB /* ExpenseViewController.swift */,
				A8CB8E7B28179C4D0093F5FB /* BudgetViewController.swift */,
				A8CB8E7D28179C860093F5FB /* ProfileViewController.swift */,
			);
			path = MainMenu;
			sourceTree = "<group>";
		};
		A8CB8E7728179B9B0093F5FB /* Onboarding */ = {
			isa = PBXGroup;
			children = (
				A8CB8E70281790830093F5FB /* OnboardingViewController.swift */,
				A8CB8E6C28178EC10093F5FB /* Onboarding.storyboard */,
			);
			path = Onboarding;
			sourceTree = "<group>";
		};
		A8CB8E7828179BE50093F5FB /* LaunchScreen */ = {
			isa = PBXGroup;
			children = (
				A8CB8E5228166C330093F5FB /* MainViewController.swift */,
				A8CB8E5428166C330093F5FB /* Main.storyboard */,
				A8CB8E5C28166C350093F5FB /* LaunchScreen.storyboard */,
			);
			path = LaunchScreen;
			sourceTree = "<group>";
		};
		A8CB8E812817A8CB0093F5FB /* CustomClass */ = {
			isa = PBXGroup;
			children = (
				A8CB8E822817A8F70093F5FB /* CardView.swift */,
				A8CB8E89281834570093F5FB /* CategoryLabel.swift */,
			);
			path = CustomClass;
			sourceTree = "<group>";
		};
		A8CB8E86281830FB0093F5FB /* TableViewCell */ = {
			isa = PBXGroup;
			children = (
				A8CB8E87281831160093F5FB /* ExpenseTableViewCell.swift */,
			);
			path = TableViewCell;
			sourceTree = "<group>";
		};
		A8CB8E8D28183BEF0093F5FB /* Dummy */ = {
			isa = PBXGroup;
			children = (
				A8CB8E8E28183C020093F5FB /* DummyDataGenerator.swift */,
			);
			path = Dummy;
			sourceTree = "<group>";
		};
/* End PBXGroup section */

/* Begin PBXNativeTarget section */
		A8CB8E4A28166C330093F5FB /* finenance */ = {
			isa = PBXNativeTarget;
			buildConfigurationList = A8CB8E6228166C350093F5FB /* Build configuration list for PBXNativeTarget "finenance" */;
			buildPhases = (
				A8CB8E4728166C330093F5FB /* Sources */,
				A8CB8E4828166C330093F5FB /* Frameworks */,
				A8CB8E4928166C330093F5FB /* Resources */,
			);
			buildRules = (
			);
			dependencies = (
			);
			name = finenance;
			productName = finenance;
			productReference = A8CB8E4B28166C330093F5FB /* finenance.app */;
			productType = "com.apple.product-type.application";
		};
/* End PBXNativeTarget section */

/* Begin PBXProject section */
		A8CB8E4328166C330093F5FB /* Project object */ = {
			isa = PBXProject;
			attributes = {
				BuildIndependentTargetsInParallel = 1;
				LastSwiftUpdateCheck = 1330;
				LastUpgradeCheck = 1330;
				TargetAttributes = {
					A8CB8E4A28166C330093F5FB = {
						CreatedOnToolsVersion = 13.3.1;
					};
				};
			};
			buildConfigurationList = A8CB8E4628166C330093F5FB /* Build configuration list for PBXProject "finenance" */;
			compatibilityVersion = "Xcode 13.0";
			developmentRegion = en;
			hasScannedForEncodings = 0;
			knownRegions = (
				en,
				Base,
			);
			mainGroup = A8CB8E4228166C330093F5FB;
			productRefGroup = A8CB8E4C28166C330093F5FB /* Products */;
			projectDirPath = "";
			projectRoot = "";
			targets = (
				A8CB8E4A28166C330093F5FB /* finenance */,
			);
		};
/* End PBXProject section */

/* Begin PBXResourcesBuildPhase section */
		A8CB8E4928166C330093F5FB /* Resources */ = {
			isa = PBXResourcesBuildPhase;
			buildActionMask = 2147483647;
			files = (
				A8CB8E5E28166C350093F5FB /* LaunchScreen.storyboard in Resources */,
				A8CB8E6F28178ECA0093F5FB /* MainMenu.storyboard in Resources */,
				A8CB8E5B28166C350093F5FB /* Assets.xcassets in Resources */,
				A8CB8E5628166C330093F5FB /* Main.storyboard in Resources */,
				A8CB8E6D28178EC10093F5FB /* Onboarding.storyboard in Resources */,
			);
			runOnlyForDeploymentPostprocessing = 0;
		};
/* End PBXResourcesBuildPhase section */

/* Begin PBXSourcesBuildPhase section */
		A8CB8E4728166C330093F5FB /* Sources */ = {
			isa = PBXSourcesBuildPhase;
			buildActionMask = 2147483647;
			files = (
				A8CB8E8F28183C020093F5FB /* DummyDataGenerator.swift in Sources */,
				A8CB8E5328166C330093F5FB /* MainViewController.swift in Sources */,
				A8CB8E5928166C330093F5FB /* finenance.xcdatamodeld in Sources */,
				A8CB8E7E28179C860093F5FB /* ProfileViewController.swift in Sources */,
				A81D2A06281853260007760C /* ColorData.swift in Sources */,
				A8CB8E71281790830093F5FB /* OnboardingViewController.swift in Sources */,
				A8CB8E7C28179C4D0093F5FB /* BudgetViewController.swift in Sources */,
				A8CB8E802817A2C10093F5FB /* Extensions.swift in Sources */,
				A8CB8E8A281834570093F5FB /* CategoryLabel.swift in Sources */,
				A8CB8E88281831160093F5FB /* ExpenseTableViewCell.swift in Sources */,
				A8CB8E4F28166C330093F5FB /* AppDelegate.swift in Sources */,
				A8CB8E85281830CE0093F5FB /* HomeViewModel.swift in Sources */,
				A8CB8E7A28179C2A0093F5FB /* ExpenseViewController.swift in Sources */,
				A8CB8E5128166C330093F5FB /* SceneDelegate.swift in Sources */,
				A8CB8E832817A8F70093F5FB /* CardView.swift in Sources */,
				A8CB8E73281790F90093F5FB /* HomeViewController.swift in Sources */,
				A8CB8E8C28183A8B0093F5FB /* Transaction.swift in Sources */,
			);
			runOnlyForDeploymentPostprocessing = 0;
		};
/* End PBXSourcesBuildPhase section */

/* Begin PBXVariantGroup section */
		A8CB8E5428166C330093F5FB /* Main.storyboard */ = {
			isa = PBXVariantGroup;
			children = (
				A8CB8E5528166C330093F5FB /* Base */,
			);
			name = Main.storyboard;
			sourceTree = "<group>";
		};
		A8CB8E5C28166C350093F5FB /* LaunchScreen.storyboard */ = {
			isa = PBXVariantGroup;
			children = (
				A8CB8E5D28166C350093F5FB /* Base */,
			);
			name = LaunchScreen.storyboard;
			sourceTree = "<group>";
		};
/* End PBXVariantGroup section */

/* Begin XCBuildConfiguration section */
		A8CB8E6028166C350093F5FB /* Debug */ = {
			isa = XCBuildConfiguration;
			buildSettings = {
				ALWAYS_SEARCH_USER_PATHS = NO;
				CLANG_ANALYZER_NONNULL = YES;
				CLANG_ANALYZER_NUMBER_OBJECT_CONVERSION = YES_AGGRESSIVE;
				CLANG_CXX_LANGUAGE_STANDARD = "gnu++17";
				CLANG_ENABLE_MODULES = YES;
				CLANG_ENABLE_OBJC_ARC = YES;
				CLANG_ENABLE_OBJC_WEAK = YES;
				CLANG_WARN_BLOCK_CAPTURE_AUTORELEASING = YES;
				CLANG_WARN_BOOL_CONVERSION = YES;
				CLANG_WARN_COMMA = YES;
				CLANG_WARN_CONSTANT_CONVERSION = YES;
				CLANG_WARN_DEPRECATED_OBJC_IMPLEMENTATIONS = YES;
				CLANG_WARN_DIRECT_OBJC_ISA_USAGE = YES_ERROR;
				CLANG_WARN_DOCUMENTATION_COMMENTS = YES;
				CLANG_WARN_EMPTY_BODY = YES;
				CLANG_WARN_ENUM_CONVERSION = YES;
				CLANG_WARN_INFINITE_RECURSION = YES;
				CLANG_WARN_INT_CONVERSION = YES;
				CLANG_WARN_NON_LITERAL_NULL_CONVERSION = YES;
				CLANG_WARN_OBJC_IMPLICIT_RETAIN_SELF = YES;
				CLANG_WARN_OBJC_LITERAL_CONVERSION = YES;
				CLANG_WARN_OBJC_ROOT_CLASS = YES_ERROR;
				CLANG_WARN_QUOTED_INCLUDE_IN_FRAMEWORK_HEADER = YES;
				CLANG_WARN_RANGE_LOOP_ANALYSIS = YES;
				CLANG_WARN_STRICT_PROTOTYPES = YES;
				CLANG_WARN_SUSPICIOUS_MOVE = YES;
				CLANG_WARN_UNGUARDED_AVAILABILITY = YES_AGGRESSIVE;
				CLANG_WARN_UNREACHABLE_CODE = YES;
				CLANG_WARN__DUPLICATE_METHOD_MATCH = YES;
				COPY_PHASE_STRIP = NO;
				DEBUG_INFORMATION_FORMAT = dwarf;
				ENABLE_STRICT_OBJC_MSGSEND = YES;
				ENABLE_TESTABILITY = YES;
				GCC_C_LANGUAGE_STANDARD = gnu11;
				GCC_DYNAMIC_NO_PIC = NO;
				GCC_NO_COMMON_BLOCKS = YES;
				GCC_OPTIMIZATION_LEVEL = 0;
				GCC_PREPROCESSOR_DEFINITIONS = (
					"DEBUG=1",
					"$(inherited)",
				);
				GCC_WARN_64_TO_32_BIT_CONVERSION = YES;
				GCC_WARN_ABOUT_RETURN_TYPE = YES_ERROR;
				GCC_WARN_UNDECLARED_SELECTOR = YES;
				GCC_WARN_UNINITIALIZED_AUTOS = YES_AGGRESSIVE;
				GCC_WARN_UNUSED_FUNCTION = YES;
				GCC_WARN_UNUSED_VARIABLE = YES;
				IPHONEOS_DEPLOYMENT_TARGET = 15.4;
				MTL_ENABLE_DEBUG_INFO = INCLUDE_SOURCE;
				MTL_FAST_MATH = YES;
				ONLY_ACTIVE_ARCH = YES;
				SDKROOT = iphoneos;
				SWIFT_ACTIVE_COMPILATION_CONDITIONS = DEBUG;
				SWIFT_OPTIMIZATION_LEVEL = "-Onone";
			};
			name = Debug;
		};
		A8CB8E6128166C350093F5FB /* Release */ = {
			isa = XCBuildConfiguration;
			buildSettings = {
				ALWAYS_SEARCH_USER_PATHS = NO;
				CLANG_ANALYZER_NONNULL = YES;
				CLANG_ANALYZER_NUMBER_OBJECT_CONVERSION = YES_AGGRESSIVE;
				CLANG_CXX_LANGUAGE_STANDARD = "gnu++17";
				CLANG_ENABLE_MODULES = YES;
				CLANG_ENABLE_OBJC_ARC = YES;
				CLANG_ENABLE_OBJC_WEAK = YES;
				CLANG_WARN_BLOCK_CAPTURE_AUTORELEASING = YES;
				CLANG_WARN_BOOL_CONVERSION = YES;
				CLANG_WARN_COMMA = YES;
				CLANG_WARN_CONSTANT_CONVERSION = YES;
				CLANG_WARN_DEPRECATED_OBJC_IMPLEMENTATIONS = YES;
				CLANG_WARN_DIRECT_OBJC_ISA_USAGE = YES_ERROR;
				CLANG_WARN_DOCUMENTATION_COMMENTS = YES;
				CLANG_WARN_EMPTY_BODY = YES;
				CLANG_WARN_ENUM_CONVERSION = YES;
				CLANG_WARN_INFINITE_RECURSION = YES;
				CLANG_WARN_INT_CONVERSION = YES;
				CLANG_WARN_NON_LITERAL_NULL_CONVERSION = YES;
				CLANG_WARN_OBJC_IMPLICIT_RETAIN_SELF = YES;
				CLANG_WARN_OBJC_LITERAL_CONVERSION = YES;
				CLANG_WARN_OBJC_ROOT_CLASS = YES_ERROR;
				CLANG_WARN_QUOTED_INCLUDE_IN_FRAMEWORK_HEADER = YES;
				CLANG_WARN_RANGE_LOOP_ANALYSIS = YES;
				CLANG_WARN_STRICT_PROTOTYPES = YES;
				CLANG_WARN_SUSPICIOUS_MOVE = YES;
				CLANG_WARN_UNGUARDED_AVAILABILITY = YES_AGGRESSIVE;
				CLANG_WARN_UNREACHABLE_CODE = YES;
				CLANG_WARN__DUPLICATE_METHOD_MATCH = YES;
				COPY_PHASE_STRIP = NO;
				DEBUG_INFORMATION_FORMAT = "dwarf-with-dsym";
				ENABLE_NS_ASSERTIONS = NO;
				ENABLE_STRICT_OBJC_MSGSEND = YES;
				GCC_C_LANGUAGE_STANDARD = gnu11;
				GCC_NO_COMMON_BLOCKS = YES;
				GCC_WARN_64_TO_32_BIT_CONVERSION = YES;
				GCC_WARN_ABOUT_RETURN_TYPE = YES_ERROR;
				GCC_WARN_UNDECLARED_SELECTOR = YES;
				GCC_WARN_UNINITIALIZED_AUTOS = YES_AGGRESSIVE;
				GCC_WARN_UNUSED_FUNCTION = YES;
				GCC_WARN_UNUSED_VARIABLE = YES;
				IPHONEOS_DEPLOYMENT_TARGET = 15.4;
				MTL_ENABLE_DEBUG_INFO = NO;
				MTL_FAST_MATH = YES;
				SDKROOT = iphoneos;
				SWIFT_COMPILATION_MODE = wholemodule;
				SWIFT_OPTIMIZATION_LEVEL = "-O";
				VALIDATE_PRODUCT = YES;
			};
			name = Release;
		};
		A8CB8E6328166C350093F5FB /* Debug */ = {
			isa = XCBuildConfiguration;
			buildSettings = {
				ASSETCATALOG_COMPILER_APPICON_NAME = AppIcon;
				ASSETCATALOG_COMPILER_GLOBAL_ACCENT_COLOR_NAME = AccentColor;
				CODE_SIGN_STYLE = Automatic;
				CURRENT_PROJECT_VERSION = 1;
				DEVELOPMENT_TEAM = 6BV79TUAG4;
				GENERATE_INFOPLIST_FILE = YES;
				INFOPLIST_FILE = finenance/Info.plist;
				INFOPLIST_KEY_CFBundleDisplayName = FineNance;
				INFOPLIST_KEY_UIApplicationSupportsIndirectInputEvents = YES;
				INFOPLIST_KEY_UILaunchStoryboardName = LaunchScreen;
				INFOPLIST_KEY_UIMainStoryboardFile = Main;
				INFOPLIST_KEY_UISupportedInterfaceOrientations_iPad = "UIInterfaceOrientationPortrait UIInterfaceOrientationPortraitUpsideDown UIInterfaceOrientationLandscapeLeft UIInterfaceOrientationLandscapeRight";
				INFOPLIST_KEY_UISupportedInterfaceOrientations_iPhone = "UIInterfaceOrientationPortrait UIInterfaceOrientationLandscapeLeft UIInterfaceOrientationLandscapeRight";
				LD_RUNPATH_SEARCH_PATHS = (
					"$(inherited)",
					"@executable_path/Frameworks",
				);
				MARKETING_VERSION = 1.0;
				PRODUCT_BUNDLE_IDENTIFIER = com.michaelricky.finenance;
				PRODUCT_NAME = "$(TARGET_NAME)";
				SWIFT_EMIT_LOC_STRINGS = YES;
				SWIFT_VERSION = 5.0;
				TARGETED_DEVICE_FAMILY = 1;
			};
			name = Debug;
		};
		A8CB8E6428166C350093F5FB /* Release */ = {
			isa = XCBuildConfiguration;
			buildSettings = {
				ASSETCATALOG_COMPILER_APPICON_NAME = AppIcon;
				ASSETCATALOG_COMPILER_GLOBAL_ACCENT_COLOR_NAME = AccentColor;
				CODE_SIGN_STYLE = Automatic;
				CURRENT_PROJECT_VERSION = 1;
				DEVELOPMENT_TEAM = 6BV79TUAG4;
				GENERATE_INFOPLIST_FILE = YES;
				INFOPLIST_FILE = finenance/Info.plist;
				INFOPLIST_KEY_CFBundleDisplayName = FineNance;
				INFOPLIST_KEY_UIApplicationSupportsIndirectInputEvents = YES;
				INFOPLIST_KEY_UILaunchStoryboardName = LaunchScreen;
				INFOPLIST_KEY_UIMainStoryboardFile = Main;
				INFOPLIST_KEY_UISupportedInterfaceOrientations_iPad = "UIInterfaceOrientationPortrait UIInterfaceOrientationPortraitUpsideDown UIInterfaceOrientationLandscapeLeft UIInterfaceOrientationLandscapeRight";
				INFOPLIST_KEY_UISupportedInterfaceOrientations_iPhone = "UIInterfaceOrientationPortrait UIInterfaceOrientationLandscapeLeft UIInterfaceOrientationLandscapeRight";
				LD_RUNPATH_SEARCH_PATHS = (
					"$(inherited)",
					"@executable_path/Frameworks",
				);
				MARKETING_VERSION = 1.0;
				PRODUCT_BUNDLE_IDENTIFIER = com.michaelricky.finenance;
				PRODUCT_NAME = "$(TARGET_NAME)";
				SWIFT_EMIT_LOC_STRINGS = YES;
				SWIFT_VERSION = 5.0;
				TARGETED_DEVICE_FAMILY = 1;
			};
			name = Release;
		};
/* End XCBuildConfiguration section */

/* Begin XCConfigurationList section */
		A8CB8E4628166C330093F5FB /* Build configuration list for PBXProject "finenance" */ = {
			isa = XCConfigurationList;
			buildConfigurations = (
				A8CB8E6028166C350093F5FB /* Debug */,
				A8CB8E6128166C350093F5FB /* Release */,
			);
			defaultConfigurationIsVisible = 0;
			defaultConfigurationName = Release;
		};
		A8CB8E6228166C350093F5FB /* Build configuration list for PBXNativeTarget "finenance" */ = {
			isa = XCConfigurationList;
			buildConfigurations = (
				A8CB8E6328166C350093F5FB /* Debug */,
				A8CB8E6428166C350093F5FB /* Release */,
			);
			defaultConfigurationIsVisible = 0;
			defaultConfigurationName = Release;
		};
/* End XCConfigurationList section */

/* Begin XCVersionGroup section */
		A8CB8E5728166C330093F5FB /* finenance.xcdatamodeld */ = {
			isa = XCVersionGroup;
			children = (
				A8CB8E5828166C330093F5FB /* finenance.xcdatamodel */,
			);
			currentVersion = A8CB8E5828166C330093F5FB /* finenance.xcdatamodel */;
			path = finenance.xcdatamodeld;
			sourceTree = "<group>";
			versionGroupType = wrapper.xcdatamodel;
		};
/* End XCVersionGroup section */
	};
	rootObject = A8CB8E4328166C330093F5FB /* Project object */;
}
